// !$*UTF8*$!
{
	archiveVersion = 1;
	classes = {
	};
	objectVersion = 46;
	objects = {

/* Begin PBXBuildFile section */
		C7E59F461794CB9D4DE07AEC /* Pods.framework in Frameworks */ = {isa = PBXBuildFile; fileRef = 94C19C2FD405E9E8F60A20A2 /* Pods.framework */; settings = {ATTRIBUTES = (Weak, ); }; };
		E6FD76541B8C5F1800E527CD /* travelMapMvvmTests.swift in Sources */ = {isa = PBXBuildFile; fileRef = E6FD76531B8C5F1800E527CD /* travelMapMvvmTests.swift */; };
		E6FD76931B8C5F7C00E527CD /* AppDelegate.swift in Sources */ = {isa = PBXBuildFile; fileRef = E6FD765E1B8C5F7C00E527CD /* AppDelegate.swift */; };
		E6FD76AC1B8C611900E527CD /* Main.storyboard in Resources */ = {isa = PBXBuildFile; fileRef = E6FD76AB1B8C611900E527CD /* Main.storyboard */; };
		E6FD76AF1B8C61CC00E527CD /* filter.json in Resources */ = {isa = PBXBuildFile; fileRef = E6FD76AE1B8C61CC00E527CD /* filter.json */; };
		E6FD76B21B8C638200E527CD /* SSASideMenu.swift in Sources */ = {isa = PBXBuildFile; fileRef = E6FD76B11B8C638200E527CD /* SSASideMenu.swift */; };
		E6FD76B41B8C68DC00E527CD /* LeftViewController.swift in Sources */ = {isa = PBXBuildFile; fileRef = E6FD76B31B8C68DC00E527CD /* LeftViewController.swift */; };
		E6FD76B61B8C693C00E527CD /* IndexViewController.swift in Sources */ = {isa = PBXBuildFile; fileRef = E6FD76B51B8C693C00E527CD /* IndexViewController.swift */; };
		E6FD76BF1B8C6CF000E527CD /* StrategyModel.swift in Sources */ = {isa = PBXBuildFile; fileRef = E6FD76BE1B8C6CF000E527CD /* StrategyModel.swift */; };
		E6FD76C41B8C6D8100E527CD /* MonthEnum.swift in Sources */ = {isa = PBXBuildFile; fileRef = E6FD76C11B8C6D8100E527CD /* MonthEnum.swift */; };
		E6FD76C51B8C6D8100E527CD /* StrategyThemeEnum.swift in Sources */ = {isa = PBXBuildFile; fileRef = E6FD76C21B8C6D8100E527CD /* StrategyThemeEnum.swift */; };
		E6FD76C61B8C6D8100E527CD /* StrategyTypeEnum.swift in Sources */ = {isa = PBXBuildFile; fileRef = E6FD76C31B8C6D8100E527CD /* StrategyTypeEnum.swift */; };
/* End PBXBuildFile section */

/* Begin PBXContainerItemProxy section */
		E6FD764E1B8C5F1800E527CD /* PBXContainerItemProxy */ = {
			isa = PBXContainerItemProxy;
			containerPortal = E6FD76301B8C5F1800E527CD /* Project object */;
			proxyType = 1;
			remoteGlobalIDString = E6FD76371B8C5F1800E527CD;
			remoteInfo = travelMapMvvm;
		};
/* End PBXContainerItemProxy section */

/* Begin PBXFileReference section */
		23CD330A67D6B624E82A2B7A /* Pods.release.xcconfig */ = {isa = PBXFileReference; includeInIndex = 1; lastKnownFileType = text.xcconfig; name = Pods.release.xcconfig; path = "Pods/Target Support Files/Pods/Pods.release.xcconfig"; sourceTree = "<group>"; };
		94C19C2FD405E9E8F60A20A2 /* Pods.framework */ = {isa = PBXFileReference; explicitFileType = wrapper.framework; includeInIndex = 0; path = Pods.framework; sourceTree = BUILT_PRODUCTS_DIR; };
		A461F072C84AB40B04DE28C8 /* Pods.debug.xcconfig */ = {isa = PBXFileReference; includeInIndex = 1; lastKnownFileType = text.xcconfig; name = Pods.debug.xcconfig; path = "Pods/Target Support Files/Pods/Pods.debug.xcconfig"; sourceTree = "<group>"; };
		E6FD76381B8C5F1800E527CD /* travelMapMvvm.app */ = {isa = PBXFileReference; explicitFileType = wrapper.application; includeInIndex = 0; path = travelMapMvvm.app; sourceTree = BUILT_PRODUCTS_DIR; };
		E6FD763C1B8C5F1800E527CD /* Info.plist */ = {isa = PBXFileReference; lastKnownFileType = text.plist.xml; path = Info.plist; sourceTree = "<group>"; };
		E6FD764D1B8C5F1800E527CD /* travelMapMvvmTests.xctest */ = {isa = PBXFileReference; explicitFileType = wrapper.cfbundle; includeInIndex = 0; path = travelMapMvvmTests.xctest; sourceTree = BUILT_PRODUCTS_DIR; };
		E6FD76521B8C5F1800E527CD /* Info.plist */ = {isa = PBXFileReference; lastKnownFileType = text.plist.xml; path = Info.plist; sourceTree = "<group>"; };
		E6FD76531B8C5F1800E527CD /* travelMapMvvmTests.swift */ = {isa = PBXFileReference; lastKnownFileType = sourcecode.swift; path = travelMapMvvmTests.swift; sourceTree = "<group>"; };
		E6FD765E1B8C5F7C00E527CD /* AppDelegate.swift */ = {isa = PBXFileReference; fileEncoding = 4; lastKnownFileType = sourcecode.swift; path = AppDelegate.swift; sourceTree = "<group>"; };
		E6FD766E1B8C5F7C00E527CD /* travelMapMvvm-Bridging-Header.h */ = {isa = PBXFileReference; fileEncoding = 4; lastKnownFileType = sourcecode.c.h; path = "travelMapMvvm-Bridging-Header.h"; sourceTree = "<group>"; };
		E6FD76AB1B8C611900E527CD /* Main.storyboard */ = {isa = PBXFileReference; fileEncoding = 4; lastKnownFileType = file.storyboard; path = Main.storyboard; sourceTree = "<group>"; };
		E6FD76AE1B8C61CC00E527CD /* filter.json */ = {isa = PBXFileReference; fileEncoding = 4; lastKnownFileType = text.json; path = filter.json; sourceTree = "<group>"; };
		E6FD76B11B8C638200E527CD /* SSASideMenu.swift */ = {isa = PBXFileReference; fileEncoding = 4; lastKnownFileType = sourcecode.swift; path = SSASideMenu.swift; sourceTree = "<group>"; };
		E6FD76B31B8C68DC00E527CD /* LeftViewController.swift */ = {isa = PBXFileReference; fileEncoding = 4; lastKnownFileType = sourcecode.swift; path = LeftViewController.swift; sourceTree = "<group>"; };
		E6FD76B51B8C693C00E527CD /* IndexViewController.swift */ = {isa = PBXFileReference; fileEncoding = 4; lastKnownFileType = sourcecode.swift; path = IndexViewController.swift; sourceTree = "<group>"; };
		E6FD76BE1B8C6CF000E527CD /* StrategyModel.swift */ = {isa = PBXFileReference; fileEncoding = 4; lastKnownFileType = sourcecode.swift; path = StrategyModel.swift; sourceTree = "<group>"; };
		E6FD76C11B8C6D8100E527CD /* MonthEnum.swift */ = {isa = PBXFileReference; fileEncoding = 4; lastKnownFileType = sourcecode.swift; path = MonthEnum.swift; sourceTree = "<group>"; };
		E6FD76C21B8C6D8100E527CD /* StrategyThemeEnum.swift */ = {isa = PBXFileReference; fileEncoding = 4; lastKnownFileType = sourcecode.swift; path = StrategyThemeEnum.swift; sourceTree = "<group>"; };
		E6FD76C31B8C6D8100E527CD /* StrategyTypeEnum.swift */ = {isa = PBXFileReference; fileEncoding = 4; lastKnownFileType = sourcecode.swift; path = StrategyTypeEnum.swift; sourceTree = "<group>"; };
		E6FD76C71B8C6DC700E527CD /* Constant.h */ = {isa = PBXFileReference; fileEncoding = 4; lastKnownFileType = sourcecode.c.h; path = Constant.h; sourceTree = "<group>"; };
/* End PBXFileReference section */

/* Begin PBXFrameworksBuildPhase section */
		E6FD76351B8C5F1800E527CD /* Frameworks */ = {
			isa = PBXFrameworksBuildPhase;
			buildActionMask = 2147483647;
			files = (
				C7E59F461794CB9D4DE07AEC /* Pods.framework in Frameworks */,
			);
			runOnlyForDeploymentPostprocessing = 0;
		};
		E6FD764A1B8C5F1800E527CD /* Frameworks */ = {
			isa = PBXFrameworksBuildPhase;
			buildActionMask = 2147483647;
			files = (
			);
			runOnlyForDeploymentPostprocessing = 0;
		};
/* End PBXFrameworksBuildPhase section */

/* Begin PBXGroup section */
		3DC71EF4ACADC1724F82CC59 /* Pods */ = {
			isa = PBXGroup;
			children = (
				A461F072C84AB40B04DE28C8 /* Pods.debug.xcconfig */,
				23CD330A67D6B624E82A2B7A /* Pods.release.xcconfig */,
			);
			name = Pods;
			sourceTree = "<group>";
		};
		A2A02E6747D9A379A7BC5C25 /* Frameworks */ = {
			isa = PBXGroup;
			children = (
				94C19C2FD405E9E8F60A20A2 /* Pods.framework */,
			);
			name = Frameworks;
			sourceTree = "<group>";
		};
		E6FD762F1B8C5F1800E527CD = {
			isa = PBXGroup;
			children = (
				E6FD763A1B8C5F1800E527CD /* travelMapMvvm */,
				E6FD76501B8C5F1800E527CD /* travelMapMvvmTests */,
				E6FD76391B8C5F1800E527CD /* Products */,
				3DC71EF4ACADC1724F82CC59 /* Pods */,
				A2A02E6747D9A379A7BC5C25 /* Frameworks */,
			);
			sourceTree = "<group>";
		};
		E6FD76391B8C5F1800E527CD /* Products */ = {
			isa = PBXGroup;
			children = (
				E6FD76381B8C5F1800E527CD /* travelMapMvvm.app */,
				E6FD764D1B8C5F1800E527CD /* travelMapMvvmTests.xctest */,
			);
			name = Products;
			sourceTree = "<group>";
		};
		E6FD763A1B8C5F1800E527CD /* travelMapMvvm */ = {
			isa = PBXGroup;
			children = (
				E6FD765D1B8C5F7C00E527CD /* AppDelegate */,
				E6FD76631B8C5F7C00E527CD /* Controllers */,
				E6FD767F1B8C5F7C00E527CD /* ViewMoldels */,
				E6FD765F1B8C5F7C00E527CD /* Commands */,
				E6FD76651B8C5F7C00E527CD /* DataSource */,
				E6FD76771B8C5F7C00E527CD /* Models */,
				E6FD766C1B8C5F7C00E527CD /* General */,
				E6FD767C1B8C5F7C00E527CD /* Resources */,
				E6FD76831B8C5F7C00E527CD /* Views */,
				E6FD763B1B8C5F1800E527CD /* Supporting Files */,
			);
			path = travelMapMvvm;
			sourceTree = "<group>";
		};
		E6FD763B1B8C5F1800E527CD /* Supporting Files */ = {
			isa = PBXGroup;
			children = (
				E6FD763C1B8C5F1800E527CD /* Info.plist */,
			);
			name = "Supporting Files";
			sourceTree = "<group>";
		};
		E6FD76501B8C5F1800E527CD /* travelMapMvvmTests */ = {
			isa = PBXGroup;
			children = (
				E6FD76531B8C5F1800E527CD /* travelMapMvvmTests.swift */,
				E6FD76511B8C5F1800E527CD /* Supporting Files */,
			);
			path = travelMapMvvmTests;
			sourceTree = "<group>";
		};
		E6FD76511B8C5F1800E527CD /* Supporting Files */ = {
			isa = PBXGroup;
			children = (
				E6FD76521B8C5F1800E527CD /* Info.plist */,
			);
			name = "Supporting Files";
			sourceTree = "<group>";
		};
		E6FD765D1B8C5F7C00E527CD /* AppDelegate */ = {
			isa = PBXGroup;
			children = (
				E6FD765E1B8C5F7C00E527CD /* AppDelegate.swift */,
			);
			path = AppDelegate;
			sourceTree = "<group>";
		};
		E6FD765F1B8C5F7C00E527CD /* Commands */ = {
			isa = PBXGroup;
			children = (
				E6FD76601B8C5F7C00E527CD /* Impl */,
			);
			path = Commands;
			sourceTree = "<group>";
		};
		E6FD76601B8C5F7C00E527CD /* Impl */ = {
			isa = PBXGroup;
			children = (
			);
			path = Impl;
			sourceTree = "<group>";
		};
		E6FD76631B8C5F7C00E527CD /* Controllers */ = {
			isa = PBXGroup;
			children = (
				E6FD76B31B8C68DC00E527CD /* LeftViewController.swift */,
				E6FD76B51B8C693C00E527CD /* IndexViewController.swift */,
			);
			path = Controllers;
			sourceTree = "<group>";
		};
		E6FD76651B8C5F7C00E527CD /* DataSource */ = {
			isa = PBXGroup;
			children = (
				E6FD76661B8C5F7C00E527CD /* Impl */,
			);
			path = DataSource;
			sourceTree = "<group>";
		};
		E6FD76661B8C5F7C00E527CD /* Impl */ = {
			isa = PBXGroup;
			children = (
				E6FD76BB1B8C6C0600E527CD /* Database */,
				E6FD76671B8C5F7C00E527CD /* Cache */,
				E6FD766A1B8C5F7C00E527CD /* Network */,
			);
			path = Impl;
			sourceTree = "<group>";
		};
		E6FD76671B8C5F7C00E527CD /* Cache */ = {
			isa = PBXGroup;
			children = (
			);
			path = Cache;
			sourceTree = "<group>";
		};
		E6FD766A1B8C5F7C00E527CD /* Network */ = {
			isa = PBXGroup;
			children = (
			);
			path = Network;
			sourceTree = "<group>";
		};
		E6FD766C1B8C5F7C00E527CD /* General */ = {
			isa = PBXGroup;
			children = (
				E6FD76C01B8C6D4100E527CD /* Constant */,
				E6FD76B01B8C638200E527CD /* SSASideMenu */,
				E6FD766D1B8C5F7C00E527CD /* Bridging-Header */,
			);
			path = General;
			sourceTree = "<group>";
		};
		E6FD766D1B8C5F7C00E527CD /* Bridging-Header */ = {
			isa = PBXGroup;
			children = (
				E6FD766E1B8C5F7C00E527CD /* travelMapMvvm-Bridging-Header.h */,
			);
			path = "Bridging-Header";
			sourceTree = "<group>";
		};
		E6FD76771B8C5F7C00E527CD /* Models */ = {
			isa = PBXGroup;
			children = (
				E6FD76BE1B8C6CF000E527CD /* StrategyModel.swift */,
				E6FD767A1B8C5F7C00E527CD /* Enums */,
			);
			path = Models;
			sourceTree = "<group>";
		};
		E6FD767A1B8C5F7C00E527CD /* Enums */ = {
			isa = PBXGroup;
			children = (
				E6FD76C11B8C6D8100E527CD /* MonthEnum.swift */,
				E6FD76C21B8C6D8100E527CD /* StrategyThemeEnum.swift */,
				E6FD76C31B8C6D8100E527CD /* StrategyTypeEnum.swift */,
			);
			path = Enums;
			sourceTree = "<group>";
		};
		E6FD767C1B8C5F7C00E527CD /* Resources */ = {
			isa = PBXGroup;
			children = (
				E6FD76AD1B8C61CC00E527CD /* Json */,
				E6FD76AA1B8C611900E527CD /* Storyborads */,
			);
			path = Resources;
			sourceTree = "<group>";
		};
		E6FD767F1B8C5F7C00E527CD /* ViewMoldels */ = {
			isa = PBXGroup;
			children = (
				E6FD76801B8C5F7C00E527CD /* Impl */,
			);
			path = ViewMoldels;
			sourceTree = "<group>";
		};
		E6FD76801B8C5F7C00E527CD /* Impl */ = {
			isa = PBXGroup;
			children = (
			);
			path = Impl;
			sourceTree = "<group>";
		};
		E6FD76831B8C5F7C00E527CD /* Views */ = {
			isa = PBXGroup;
			children = (
				E6FD76B71B8C6BE000E527CD /* Cell */,
				E6FD76B91B8C6BE000E527CD /* Header */,
				E6FD76841B8C5F7C00E527CD /* Button */,
				E6FD76901B8C5F7C00E527CD /* View */,
			);
			path = Views;
			sourceTree = "<group>";
		};
		E6FD76841B8C5F7C00E527CD /* Button */ = {
			isa = PBXGroup;
			children = (
				E6FD76861B8C5F7C00E527CD /* Delegate */,
			);
			path = Button;
			sourceTree = "<group>";
		};
		E6FD76861B8C5F7C00E527CD /* Delegate */ = {
			isa = PBXGroup;
			children = (
			);
			path = Delegate;
			sourceTree = "<group>";
		};
		E6FD76901B8C5F7C00E527CD /* View */ = {
			isa = PBXGroup;
			children = (
				E6FD76921B8C5F7C00E527CD /* Delegate */,
			);
			path = View;
			sourceTree = "<group>";
		};
		E6FD76921B8C5F7C00E527CD /* Delegate */ = {
			isa = PBXGroup;
			children = (
			);
			path = Delegate;
			sourceTree = "<group>";
		};
		E6FD76AA1B8C611900E527CD /* Storyborads */ = {
			isa = PBXGroup;
			children = (
				E6FD76AB1B8C611900E527CD /* Main.storyboard */,
			);
			path = Storyborads;
			sourceTree = "<group>";
		};
		E6FD76AD1B8C61CC00E527CD /* Json */ = {
			isa = PBXGroup;
			children = (
				E6FD76AE1B8C61CC00E527CD /* filter.json */,
			);
			path = Json;
			sourceTree = "<group>";
		};
		E6FD76B01B8C638200E527CD /* SSASideMenu */ = {
			isa = PBXGroup;
			children = (
				E6FD76B11B8C638200E527CD /* SSASideMenu.swift */,
			);
			path = SSASideMenu;
			sourceTree = "<group>";
		};
		E6FD76B71B8C6BE000E527CD /* Cell */ = {
			isa = PBXGroup;
			children = (
				E6FD76B81B8C6BE000E527CD /* Delegate */,
			);
			path = Cell;
			sourceTree = "<group>";
		};
		E6FD76B81B8C6BE000E527CD /* Delegate */ = {
			isa = PBXGroup;
			children = (
			);
			path = Delegate;
			sourceTree = "<group>";
		};
		E6FD76B91B8C6BE000E527CD /* Header */ = {
			isa = PBXGroup;
			children = (
				E6FD76BA1B8C6BE000E527CD /* Delegate */,
			);
			path = Header;
			sourceTree = "<group>";
		};
		E6FD76BA1B8C6BE000E527CD /* Delegate */ = {
			isa = PBXGroup;
			children = (
			);
			path = Delegate;
			sourceTree = "<group>";
		};
		E6FD76BB1B8C6C0600E527CD /* Database */ = {
			isa = PBXGroup;
			children = (
			);
			path = Database;
			sourceTree = "<group>";
		};
		E6FD76C01B8C6D4100E527CD /* Constant */ = {
			isa = PBXGroup;
			children = (
				E6FD76C71B8C6DC700E527CD /* Constant.h */,
			);
			path = Constant;
			sourceTree = "<group>";
		};
/* End PBXGroup section */

/* Begin PBXNativeTarget section */
		E6FD76371B8C5F1800E527CD /* travelMapMvvm */ = {
			isa = PBXNativeTarget;
			buildConfigurationList = E6FD76571B8C5F1800E527CD /* Build configuration list for PBXNativeTarget "travelMapMvvm" */;
			buildPhases = (
				D2888670DA625036F0F29C04 /* Check Pods Manifest.lock */,
				E6FD76341B8C5F1800E527CD /* Sources */,
				E6FD76351B8C5F1800E527CD /* Frameworks */,
				E6FD76361B8C5F1800E527CD /* Resources */,
				EE43E7D2DDF93BCAC8A5DA2A /* Embed Pods Frameworks */,
				DD19E01043433AAB1A244557 /* Copy Pods Resources */,
			);
			buildRules = (
			);
			dependencies = (
			);
			name = travelMapMvvm;
			productName = travelMapMvvm;
			productReference = E6FD76381B8C5F1800E527CD /* travelMapMvvm.app */;
			productType = "com.apple.product-type.application";
		};
		E6FD764C1B8C5F1800E527CD /* travelMapMvvmTests */ = {
			isa = PBXNativeTarget;
			buildConfigurationList = E6FD765A1B8C5F1800E527CD /* Build configuration list for PBXNativeTarget "travelMapMvvmTests" */;
			buildPhases = (
				E6FD76491B8C5F1800E527CD /* Sources */,
				E6FD764A1B8C5F1800E527CD /* Frameworks */,
				E6FD764B1B8C5F1800E527CD /* Resources */,
			);
			buildRules = (
			);
			dependencies = (
				E6FD764F1B8C5F1800E527CD /* PBXTargetDependency */,
			);
			name = travelMapMvvmTests;
			productName = travelMapMvvmTests;
			productReference = E6FD764D1B8C5F1800E527CD /* travelMapMvvmTests.xctest */;
			productType = "com.apple.product-type.bundle.unit-test";
		};
/* End PBXNativeTarget section */

/* Begin PBXProject section */
		E6FD76301B8C5F1800E527CD /* Project object */ = {
			isa = PBXProject;
			attributes = {
				LastUpgradeCheck = 0630;
				ORGANIZATIONNAME = travelMapMvvm;
				TargetAttributes = {
					E6FD76371B8C5F1800E527CD = {
						CreatedOnToolsVersion = 6.3.2;
					};
					E6FD764C1B8C5F1800E527CD = {
						CreatedOnToolsVersion = 6.3.2;
						TestTargetID = E6FD76371B8C5F1800E527CD;
					};
				};
			};
			buildConfigurationList = E6FD76331B8C5F1800E527CD /* Build configuration list for PBXProject "travelMapMvvm" */;
			compatibilityVersion = "Xcode 3.2";
			developmentRegion = English;
			hasScannedForEncodings = 0;
			knownRegions = (
				en,
				Base,
			);
			mainGroup = E6FD762F1B8C5F1800E527CD;
			productRefGroup = E6FD76391B8C5F1800E527CD /* Products */;
			projectDirPath = "";
			projectRoot = "";
			targets = (
				E6FD76371B8C5F1800E527CD /* travelMapMvvm */,
				E6FD764C1B8C5F1800E527CD /* travelMapMvvmTests */,
			);
		};
/* End PBXProject section */

/* Begin PBXResourcesBuildPhase section */
		E6FD76361B8C5F1800E527CD /* Resources */ = {
			isa = PBXResourcesBuildPhase;
			buildActionMask = 2147483647;
			files = (
				E6FD76AC1B8C611900E527CD /* Main.storyboard in Resources */,
				E6FD76AF1B8C61CC00E527CD /* filter.json in Resources */,
			);
			runOnlyForDeploymentPostprocessing = 0;
		};
		E6FD764B1B8C5F1800E527CD /* Resources */ = {
			isa = PBXResourcesBuildPhase;
			buildActionMask = 2147483647;
			files = (
			);
			runOnlyForDeploymentPostprocessing = 0;
		};
/* End PBXResourcesBuildPhase section */

/* Begin PBXShellScriptBuildPhase section */
		D2888670DA625036F0F29C04 /* Check Pods Manifest.lock */ = {
			isa = PBXShellScriptBuildPhase;
			buildActionMask = 2147483647;
			files = (
			);
			inputPaths = (
			);
			name = "Check Pods Manifest.lock";
			outputPaths = (
			);
			runOnlyForDeploymentPostprocessing = 0;
			shellPath = /bin/sh;
			shellScript = "diff \"${PODS_ROOT}/../Podfile.lock\" \"${PODS_ROOT}/Manifest.lock\" > /dev/null\nif [[ $? != 0 ]] ; then\n    cat << EOM\nerror: The sandbox is not in sync with the Podfile.lock. Run 'pod install' or update your CocoaPods installation.\nEOM\n    exit 1\nfi\n";
			showEnvVarsInLog = 0;
		};
		DD19E01043433AAB1A244557 /* Copy Pods Resources */ = {
			isa = PBXShellScriptBuildPhase;
			buildActionMask = 2147483647;
			files = (
			);
			inputPaths = (
			);
			name = "Copy Pods Resources";
			outputPaths = (
			);
			runOnlyForDeploymentPostprocessing = 0;
			shellPath = /bin/sh;
			shellScript = "\"${SRCROOT}/Pods/Target Support Files/Pods/Pods-resources.sh\"\n";
			showEnvVarsInLog = 0;
		};
		EE43E7D2DDF93BCAC8A5DA2A /* Embed Pods Frameworks */ = {
			isa = PBXShellScriptBuildPhase;
			buildActionMask = 2147483647;
			files = (
			);
			inputPaths = (
			);
			name = "Embed Pods Frameworks";
			outputPaths = (
			);
			runOnlyForDeploymentPostprocessing = 0;
			shellPath = /bin/sh;
			shellScript = "\"${SRCROOT}/Pods/Target Support Files/Pods/Pods-frameworks.sh\"\n";
			showEnvVarsInLog = 0;
		};
/* End PBXShellScriptBuildPhase section */

/* Begin PBXSourcesBuildPhase section */
		E6FD76341B8C5F1800E527CD /* Sources */ = {
			isa = PBXSourcesBuildPhase;
			buildActionMask = 2147483647;
			files = (
				E6FD76B21B8C638200E527CD /* SSASideMenu.swift in Sources */,
				E6FD76C51B8C6D8100E527CD /* StrategyThemeEnum.swift in Sources */,
				E6FD76BF1B8C6CF000E527CD /* StrategyModel.swift in Sources */,
				E6FD76C61B8C6D8100E527CD /* StrategyTypeEnum.swift in Sources */,
				E6FD76B41B8C68DC00E527CD /* LeftViewController.swift in Sources */,
				E6FD76B61B8C693C00E527CD /* IndexViewController.swift in Sources */,
				E6FD76931B8C5F7C00E527CD /* AppDelegate.swift in Sources */,
				E6FD76C41B8C6D8100E527CD /* MonthEnum.swift in Sources */,
			);
			runOnlyForDeploymentPostprocessing = 0;
		};
		E6FD76491B8C5F1800E527CD /* Sources */ = {
			isa = PBXSourcesBuildPhase;
			buildActionMask = 2147483647;
			files = (
				E6FD76541B8C5F1800E527CD /* travelMapMvvmTests.swift in Sources */,
			);
			runOnlyForDeploymentPostprocessing = 0;
		};
/* End PBXSourcesBuildPhase section */

/* Begin PBXTargetDependency section */
		E6FD764F1B8C5F1800E527CD /* PBXTargetDependency */ = {
			isa = PBXTargetDependency;
			target = E6FD76371B8C5F1800E527CD /* travelMapMvvm */;
			targetProxy = E6FD764E1B8C5F1800E527CD /* PBXContainerItemProxy */;
		};
/* End PBXTargetDependency section */

/* Begin XCBuildConfiguration section */
		E6FD76551B8C5F1800E527CD /* Debug */ = {
			isa = XCBuildConfiguration;
			buildSettings = {
				ALWAYS_SEARCH_USER_PATHS = NO;
				CLANG_CXX_LANGUAGE_STANDARD = "gnu++0x";
				CLANG_CXX_LIBRARY = "libc++";
				CLANG_ENABLE_MODULES = YES;
				CLANG_ENABLE_OBJC_ARC = YES;
				CLANG_WARN_BOOL_CONVERSION = YES;
				CLANG_WARN_CONSTANT_CONVERSION = YES;
				CLANG_WARN_DIRECT_OBJC_ISA_USAGE = YES_ERROR;
				CLANG_WARN_EMPTY_BODY = YES;
				CLANG_WARN_ENUM_CONVERSION = YES;
				CLANG_WARN_INT_CONVERSION = YES;
				CLANG_WARN_OBJC_ROOT_CLASS = YES_ERROR;
				CLANG_WARN_UNREACHABLE_CODE = YES;
				CLANG_WARN__DUPLICATE_METHOD_MATCH = YES;
				"CODE_SIGN_IDENTITY[sdk=iphoneos*]" = "iPhone Developer";
				COPY_PHASE_STRIP = NO;
				DEBUG_INFORMATION_FORMAT = "dwarf-with-dsym";
				ENABLE_STRICT_OBJC_MSGSEND = YES;
				GCC_C_LANGUAGE_STANDARD = gnu99;
				GCC_DYNAMIC_NO_PIC = NO;
				GCC_NO_COMMON_BLOCKS = YES;
				GCC_OPTIMIZATION_LEVEL = 0;
				GCC_PREPROCESSOR_DEFINITIONS = (
					"DEBUG=1",
					"$(inherited)",
				);
				GCC_SYMBOLS_PRIVATE_EXTERN = NO;
				GCC_WARN_64_TO_32_BIT_CONVERSION = YES;
				GCC_WARN_ABOUT_RETURN_TYPE = YES_ERROR;
				GCC_WARN_UNDECLARED_SELECTOR = YES;
				GCC_WARN_UNINITIALIZED_AUTOS = YES_AGGRESSIVE;
				GCC_WARN_UNUSED_FUNCTION = YES;
				GCC_WARN_UNUSED_VARIABLE = YES;
				IPHONEOS_DEPLOYMENT_TARGET = 8.3;
				MTL_ENABLE_DEBUG_INFO = YES;
				ONLY_ACTIVE_ARCH = YES;
				SDKROOT = iphoneos;
				SWIFT_OPTIMIZATION_LEVEL = "-Onone";
			};
			name = Debug;
		};
		E6FD76561B8C5F1800E527CD /* Release */ = {
			isa = XCBuildConfiguration;
			buildSettings = {
				ALWAYS_SEARCH_USER_PATHS = NO;
				CLANG_CXX_LANGUAGE_STANDARD = "gnu++0x";
				CLANG_CXX_LIBRARY = "libc++";
				CLANG_ENABLE_MODULES = YES;
				CLANG_ENABLE_OBJC_ARC = YES;
				CLANG_WARN_BOOL_CONVERSION = YES;
				CLANG_WARN_CONSTANT_CONVERSION = YES;
				CLANG_WARN_DIRECT_OBJC_ISA_USAGE = YES_ERROR;
				CLANG_WARN_EMPTY_BODY = YES;
				CLANG_WARN_ENUM_CONVERSION = YES;
				CLANG_WARN_INT_CONVERSION = YES;
				CLANG_WARN_OBJC_ROOT_CLASS = YES_ERROR;
				CLANG_WARN_UNREACHABLE_CODE = YES;
				CLANG_WARN__DUPLICATE_METHOD_MATCH = YES;
				"CODE_SIGN_IDENTITY[sdk=iphoneos*]" = "iPhone Developer";
				COPY_PHASE_STRIP = NO;
				DEBUG_INFORMATION_FORMAT = "dwarf-with-dsym";
				ENABLE_NS_ASSERTIONS = NO;
				ENABLE_STRICT_OBJC_MSGSEND = YES;
				GCC_C_LANGUAGE_STANDARD = gnu99;
				GCC_NO_COMMON_BLOCKS = YES;
				GCC_WARN_64_TO_32_BIT_CONVERSION = YES;
				GCC_WARN_ABOUT_RETURN_TYPE = YES_ERROR;
				GCC_WARN_UNDECLARED_SELECTOR = YES;
				GCC_WARN_UNINITIALIZED_AUTOS = YES_AGGRESSIVE;
				GCC_WARN_UNUSED_FUNCTION = YES;
				GCC_WARN_UNUSED_VARIABLE = YES;
				IPHONEOS_DEPLOYMENT_TARGET = 8.3;
				MTL_ENABLE_DEBUG_INFO = NO;
				SDKROOT = iphoneos;
				VALIDATE_PRODUCT = YES;
			};
			name = Release;
		};
		E6FD76581B8C5F1800E527CD /* Debug */ = {
			isa = XCBuildConfiguration;
			baseConfigurationReference = A461F072C84AB40B04DE28C8 /* Pods.debug.xcconfig */;
			buildSettings = {
				ASSETCATALOG_COMPILER_APPICON_NAME = AppIcon;
				INFOPLIST_FILE = travelMapMvvm/Info.plist;
				LD_RUNPATH_SEARCH_PATHS = "$(inherited) @executable_path/Frameworks";
				PRODUCT_NAME = "$(TARGET_NAME)";
				SWIFT_OBJC_BRIDGING_HEADER = "travelMapMvvm/General/Bridging-Header/travelMapMvvm-Bridging-Header.h";
			};
			name = Debug;
		};
		E6FD76591B8C5F1800E527CD /* Release */ = {
			isa = XCBuildConfiguration;
			baseConfigurationReference = 23CD330A67D6B624E82A2B7A /* Pods.release.xcconfig */;
			buildSettings = {
				ASSETCATALOG_COMPILER_APPICON_NAME = AppIcon;
				INFOPLIST_FILE = travelMapMvvm/Info.plist;
				LD_RUNPATH_SEARCH_PATHS = "$(inherited) @executable_path/Frameworks";
				PRODUCT_NAME = "$(TARGET_NAME)";
				SWIFT_OBJC_BRIDGING_HEADER = "travelMapMvvm/General/Bridging-Header/travelMapMvvm-Bridging-Header.h";
			};
			name = Release;
		};
		E6FD765B1B8C5F1800E527CD /* Debug */ = {
			isa = XCBuildConfiguration;
			buildSettings = {
				BUNDLE_LOADER = "$(TEST_HOST)";
				FRAMEWORK_SEARCH_PATHS = (
					"$(SDKROOT)/Developer/Library/Frameworks",
					"$(inherited)",
				);
				GCC_PREPROCESSOR_DEFINITIONS = (
					"DEBUG=1",
					"$(inherited)",
				);
				INFOPLIST_FILE = travelMapMvvmTests/Info.plist;
				LD_RUNPATH_SEARCH_PATHS = "$(inherited) @executable_path/Frameworks @loader_path/Frameworks";
				PRODUCT_NAME = "$(TARGET_NAME)";
				TEST_HOST = "$(BUILT_PRODUCTS_DIR)/travelMapMvvm.app/travelMapMvvm";
			};
			name = Debug;
		};
		E6FD765C1B8C5F1800E527CD /* Release */ = {
			isa = XCBuildConfiguration;
			buildSettings = {
				BUNDLE_LOADER = "$(TEST_HOST)";
				FRAMEWORK_SEARCH_PATHS = (
					"$(SDKROOT)/Developer/Library/Frameworks",
					"$(inherited)",
				);
				INFOPLIST_FILE = travelMapMvvmTests/Info.plist;
				LD_RUNPATH_SEARCH_PATHS = "$(inherited) @executable_path/Frameworks @loader_path/Frameworks";
				PRODUCT_NAME = "$(TARGET_NAME)";
				TEST_HOST = "$(BUILT_PRODUCTS_DIR)/travelMapMvvm.app/travelMapMvvm";
			};
			name = Release;
		};
/* End XCBuildConfiguration section */

/* Begin XCConfigurationList section */
		E6FD76331B8C5F1800E527CD /* Build configuration list for PBXProject "travelMapMvvm" */ = {
			isa = XCConfigurationList;
			buildConfigurations = (
				E6FD76551B8C5F1800E527CD /* Debug */,
				E6FD76561B8C5F1800E527CD /* Release */,
			);
			defaultConfigurationIsVisible = 0;
			defaultConfigurationName = Release;
		};
		E6FD76571B8C5F1800E527CD /* Build configuration list for PBXNativeTarget "travelMapMvvm" */ = {
			isa = XCConfigurationList;
			buildConfigurations = (
				E6FD76581B8C5F1800E527CD /* Debug */,
				E6FD76591B8C5F1800E527CD /* Release */,
			);
			defaultConfigurationIsVisible = 0;
			defaultConfigurationName = Release;
		};
		E6FD765A1B8C5F1800E527CD /* Build configuration list for PBXNativeTarget "travelMapMvvmTests" */ = {
			isa = XCConfigurationList;
			buildConfigurations = (
				E6FD765B1B8C5F1800E527CD /* Debug */,
				E6FD765C1B8C5F1800E527CD /* Release */,
			);
			defaultConfigurationIsVisible = 0;
			defaultConfigurationName = Release;
		};
/* End XCConfigurationList section */
	};
	rootObject = E6FD76301B8C5F1800E527CD /* Project object */;
}
